// !$*UTF8*$!
{
	archiveVersion = 1;
	classes = {
	};
	objectVersion = 51;
	objects = {

/* Begin PBXBuildFile section */
		B9CFB196278DB8F8001B363F /* AppDelegate.m in Sources */ = {isa = PBXBuildFile; fileRef = B9CFB195278DB8F8001B363F /* AppDelegate.m */; };
		B9CFB199278DB8F8001B363F /* SceneDelegate.m in Sources */ = {isa = PBXBuildFile; fileRef = B9CFB198278DB8F8001B363F /* SceneDelegate.m */; };
		B9CFB19F278DB8F8001B363F /* Main.storyboard in Resources */ = {isa = PBXBuildFile; fileRef = B9CFB19D278DB8F8001B363F /* Main.storyboard */; };
		B9CFB1A1278DB8FA001B363F /* Assets.xcassets in Resources */ = {isa = PBXBuildFile; fileRef = B9CFB1A0278DB8FA001B363F /* Assets.xcassets */; };
		B9CFB1A4278DB8FA001B363F /* LaunchScreen.storyboard in Resources */ = {isa = PBXBuildFile; fileRef = B9CFB1A2278DB8FA001B363F /* LaunchScreen.storyboard */; };
		B9CFB1A7278DB8FA001B363F /* main.m in Sources */ = {isa = PBXBuildFile; fileRef = B9CFB1A6278DB8FA001B363F /* main.m */; };
		B9CFB1AB278DB941001B363F /* add.metal in Sources */ = {isa = PBXBuildFile; fileRef = 5FFAD4DD21C869B700384F46 /* add.metal */; };
		B9CFB1AC278DB941001B363F /* MetalAdder.m in Sources */ = {isa = PBXBuildFile; fileRef = 5FB82D18221CD515006D0331 /* MetalAdder.m */; };
		B9CFB1AD278DB958001B363F /* ViewController.m in Sources */ = {isa = PBXBuildFile; fileRef = B99EDE79278B9339002EBB8D /* ViewController.m */; };
/* End PBXBuildFile section */

/* Begin PBXFileReference section */
		00E3B7B90BF943DB3EE281D2 /* SampleCode.xcconfig */ = {isa = PBXFileReference; lastKnownFileType = text.xcconfig; name = SampleCode.xcconfig; path = Configuration/SampleCode.xcconfig; sourceTree = "<group>"; };
		3ADA093423458F4400F5A9C6 /* CoreGraphics.framework */ = {isa = PBXFileReference; lastKnownFileType = wrapper.framework; name = CoreGraphics.framework; path = Platforms/MacOSX.platform/Developer/SDKs/MacOSX10.15.Internal.sdk/System/Library/Frameworks/CoreGraphics.framework; sourceTree = DEVELOPER_DIR; };
		4A106723543224C1C65C1662 /* LICENSE.txt */ = {isa = PBXFileReference; includeInIndex = 1; lastKnownFileType = text; path = LICENSE.txt; sourceTree = "<group>"; };
		5FB82D17221CD515006D0331 /* MetalAdder.h */ = {isa = PBXFileReference; lastKnownFileType = sourcecode.c.h; path = MetalAdder.h; sourceTree = "<group>"; };
		5FB82D18221CD515006D0331 /* MetalAdder.m */ = {isa = PBXFileReference; lastKnownFileType = sourcecode.c.objc; path = MetalAdder.m; sourceTree = "<group>"; wrapsLines = 0; };
		5FB82D1A221CE2C7006D0331 /* README.md */ = {isa = PBXFileReference; fileEncoding = 4; lastKnownFileType = net.daringfireball.markdown; path = README.md; sourceTree = "<group>"; };
		5FFAD4DB21C8648800384F46 /* Metal.framework */ = {isa = PBXFileReference; lastKnownFileType = wrapper.framework; name = Metal.framework; path = System/Library/Frameworks/Metal.framework; sourceTree = SDKROOT; };
		5FFAD4DD21C869B700384F46 /* add.metal */ = {isa = PBXFileReference; lastKnownFileType = sourcecode.metal; path = add.metal; sourceTree = "<group>"; };
		B99EDE78278B9339002EBB8D /* ViewController.h */ = {isa = PBXFileReference; lastKnownFileType = sourcecode.c.h; path = ViewController.h; sourceTree = "<group>"; };
		B99EDE79278B9339002EBB8D /* ViewController.m */ = {isa = PBXFileReference; lastKnownFileType = sourcecode.c.objc; path = ViewController.m; sourceTree = "<group>"; };
		B9CFB17D278D870B001B363F /* ShaderTypes.h */ = {isa = PBXFileReference; fileEncoding = 4; lastKnownFileType = sourcecode.c.h; path = ShaderTypes.h; sourceTree = "<group>"; };
		B9CFB189278DB7EA001B363F /* Foundation.framework */ = {isa = PBXFileReference; lastKnownFileType = wrapper.framework; name = Foundation.framework; path = Platforms/iPhoneOS.platform/Developer/SDKs/iPhoneOS15.2.sdk/System/Library/Frameworks/Foundation.framework; sourceTree = DEVELOPER_DIR; };
		B9CFB192278DB8F8001B363F /* GPUArcControlCalculationsPrototype.app */ = {isa = PBXFileReference; explicitFileType = wrapper.application; includeInIndex = 0; path = GPUArcControlCalculationsPrototype.app; sourceTree = BUILT_PRODUCTS_DIR; };
		B9CFB194278DB8F8001B363F /* AppDelegate.h */ = {isa = PBXFileReference; lastKnownFileType = sourcecode.c.h; path = AppDelegate.h; sourceTree = "<group>"; };
		B9CFB195278DB8F8001B363F /* AppDelegate.m */ = {isa = PBXFileReference; lastKnownFileType = sourcecode.c.objc; path = AppDelegate.m; sourceTree = "<group>"; };
		B9CFB197278DB8F8001B363F /* SceneDelegate.h */ = {isa = PBXFileReference; lastKnownFileType = sourcecode.c.h; path = SceneDelegate.h; sourceTree = "<group>"; };
		B9CFB198278DB8F8001B363F /* SceneDelegate.m */ = {isa = PBXFileReference; lastKnownFileType = sourcecode.c.objc; path = SceneDelegate.m; sourceTree = "<group>"; };
		B9CFB19E278DB8F8001B363F /* Base */ = {isa = PBXFileReference; lastKnownFileType = file.storyboard; name = Base; path = Base.lproj/Main.storyboard; sourceTree = "<group>"; };
		B9CFB1A0278DB8FA001B363F /* Assets.xcassets */ = {isa = PBXFileReference; lastKnownFileType = folder.assetcatalog; path = Assets.xcassets; sourceTree = "<group>"; };
		B9CFB1A3278DB8FA001B363F /* Base */ = {isa = PBXFileReference; lastKnownFileType = file.storyboard; name = Base; path = Base.lproj/LaunchScreen.storyboard; sourceTree = "<group>"; };
		B9CFB1A5278DB8FA001B363F /* Info.plist */ = {isa = PBXFileReference; lastKnownFileType = text.plist.xml; path = Info.plist; sourceTree = "<group>"; };
		B9CFB1A6278DB8FA001B363F /* main.m */ = {isa = PBXFileReference; lastKnownFileType = sourcecode.c.objc; path = main.m; sourceTree = "<group>"; };
/* End PBXFileReference section */

/* Begin PBXFrameworksBuildPhase section */
		B9CFB18F278DB8F8001B363F /* Frameworks */ = {
			isa = PBXFrameworksBuildPhase;
			buildActionMask = 2147483647;
			files = (
			);
			runOnlyForDeploymentPostprocessing = 0;
		};
/* End PBXFrameworksBuildPhase section */

/* Begin PBXGroup section */
		23874244E20619B16248E770 /* Configuration */ = {
			isa = PBXGroup;
			children = (
				00E3B7B90BF943DB3EE281D2 /* SampleCode.xcconfig */,
			);
			name = Configuration;
			sourceTree = "<group>";
		};
		5FFAD4C721C8647D00384F46 = {
			isa = PBXGroup;
			children = (
				5FB82D1A221CE2C7006D0331 /* README.md */,
				B9CFB193278DB8F8001B363F /* GPUArcControlCalculationsPrototype */,
				5FFAD4D121C8647E00384F46 /* Products */,
				5FFAD4DA21C8648800384F46 /* Frameworks */,
				23874244E20619B16248E770 /* Configuration */,
				7A094A9D7CE6DF0EC0F9700D /* LICENSE */,
			);
			sourceTree = "<group>";
		};
		5FFAD4D121C8647E00384F46 /* Products */ = {
			isa = PBXGroup;
			children = (
				B9CFB192278DB8F8001B363F /* GPUArcControlCalculationsPrototype.app */,
			);
			name = Products;
			sourceTree = "<group>";
		};
		5FFAD4DA21C8648800384F46 /* Frameworks */ = {
			isa = PBXGroup;
			children = (
				B9CFB189278DB7EA001B363F /* Foundation.framework */,
				3ADA093423458F4400F5A9C6 /* CoreGraphics.framework */,
				5FFAD4DB21C8648800384F46 /* Metal.framework */,
			);
			name = Frameworks;
			sourceTree = "<group>";
		};
		7A094A9D7CE6DF0EC0F9700D /* LICENSE */ = {
			isa = PBXGroup;
			children = (
				4A106723543224C1C65C1662 /* LICENSE.txt */,
			);
			path = LICENSE;
			sourceTree = "<group>";
		};
		B9CFB193278DB8F8001B363F /* GPUArcControlCalculationsPrototype */ = {
			isa = PBXGroup;
			children = (
				B9CFB194278DB8F8001B363F /* AppDelegate.h */,
				B9CFB195278DB8F8001B363F /* AppDelegate.m */,
				B9CFB197278DB8F8001B363F /* SceneDelegate.h */,
				B9CFB198278DB8F8001B363F /* SceneDelegate.m */,
				B99EDE78278B9339002EBB8D /* ViewController.h */,
				B99EDE79278B9339002EBB8D /* ViewController.m */,
				B9CFB17D278D870B001B363F /* ShaderTypes.h */,
				5FB82D17221CD515006D0331 /* MetalAdder.h */,
				5FB82D18221CD515006D0331 /* MetalAdder.m */,
				5FFAD4DD21C869B700384F46 /* add.metal */,
				B9CFB19D278DB8F8001B363F /* Main.storyboard */,
				B9CFB1A0278DB8FA001B363F /* Assets.xcassets */,
				B9CFB1A2278DB8FA001B363F /* LaunchScreen.storyboard */,
				B9CFB1A5278DB8FA001B363F /* Info.plist */,
				B9CFB1A6278DB8FA001B363F /* main.m */,
			);
			path = GPUArcControlCalculationsPrototype;
			sourceTree = "<group>";
		};
/* End PBXGroup section */

/* Begin PBXNativeTarget section */
		B9CFB191278DB8F8001B363F /* GPUArcControlCalculationsPrototype */ = {
			isa = PBXNativeTarget;
			buildConfigurationList = B9CFB1A8278DB8FA001B363F /* Build configuration list for PBXNativeTarget "GPUArcControlCalculationsPrototype" */;
			buildPhases = (
				B9CFB18E278DB8F8001B363F /* Sources */,
				B9CFB18F278DB8F8001B363F /* Frameworks */,
				B9CFB190278DB8F8001B363F /* Resources */,
			);
			buildRules = (
			);
			dependencies = (
			);
			name = GPUArcControlCalculationsPrototype;
			productName = GPUArcControlCalculationsPrototype;
			productReference = B9CFB192278DB8F8001B363F /* GPUArcControlCalculationsPrototype.app */;
			productType = "com.apple.product-type.application";
		};
/* End PBXNativeTarget section */

/* Begin PBXProject section */
		5FFAD4C821C8647E00384F46 /* Project object */ = {
			isa = PBXProject;
			attributes = {
				DefaultBuildSystemTypeForWorkspace = Latest;
				LastUpgradeCheck = 1320;
				ORGANIZATIONNAME = Apple;
				TargetAttributes = {
					B9CFB191278DB8F8001B363F = {
						CreatedOnToolsVersion = 13.2.1;
					};
				};
			};
			buildConfigurationList = 5FFAD4CB21C8647E00384F46 /* Build configuration list for PBXProject "MetalComputeBasic" */;
			compatibilityVersion = "Xcode 10.0";
			developmentRegion = en;
			hasScannedForEncodings = 0;
			knownRegions = (
				en,
				Base,
			);
			mainGroup = 5FFAD4C721C8647D00384F46;
			productRefGroup = 5FFAD4D121C8647E00384F46 /* Products */;
			projectDirPath = "";
			projectRoot = "";
			targets = (
				B9CFB191278DB8F8001B363F /* GPUArcControlCalculationsPrototype */,
			);
		};
/* End PBXProject section */

/* Begin PBXResourcesBuildPhase section */
		B9CFB190278DB8F8001B363F /* Resources */ = {
			isa = PBXResourcesBuildPhase;
			buildActionMask = 2147483647;
			files = (
				B9CFB1A4278DB8FA001B363F /* LaunchScreen.storyboard in Resources */,
				B9CFB1A1278DB8FA001B363F /* Assets.xcassets in Resources */,
				B9CFB19F278DB8F8001B363F /* Main.storyboard in Resources */,
			);
			runOnlyForDeploymentPostprocessing = 0;
		};
/* End PBXResourcesBuildPhase section */

/* Begin PBXSourcesBuildPhase section */
		B9CFB18E278DB8F8001B363F /* Sources */ = {
			isa = PBXSourcesBuildPhase;
			buildActionMask = 2147483647;
			files = (
				B9CFB1AD278DB958001B363F /* ViewController.m in Sources */,
				B9CFB1AC278DB941001B363F /* MetalAdder.m in Sources */,
				B9CFB196278DB8F8001B363F /* AppDelegate.m in Sources */,
				B9CFB1A7278DB8FA001B363F /* main.m in Sources */,
				B9CFB199278DB8F8001B363F /* SceneDelegate.m in Sources */,
				B9CFB1AB278DB941001B363F /* add.metal in Sources */,
			);
			runOnlyForDeploymentPostprocessing = 0;
		};
/* End PBXSourcesBuildPhase section */

/* Begin PBXVariantGroup section */
		B9CFB19D278DB8F8001B363F /* Main.storyboard */ = {
			isa = PBXVariantGroup;
			children = (
				B9CFB19E278DB8F8001B363F /* Base */,
			);
			name = Main.storyboard;
			sourceTree = "<group>";
		};
		B9CFB1A2278DB8FA001B363F /* LaunchScreen.storyboard */ = {
			isa = PBXVariantGroup;
			children = (
				B9CFB1A3278DB8FA001B363F /* Base */,
			);
			name = LaunchScreen.storyboard;
			sourceTree = "<group>";
		};
/* End PBXVariantGroup section */

/* Begin XCBuildConfiguration section */
		5FFAD4D521C8647E00384F46 /* Debug */ = {
			isa = XCBuildConfiguration;
			baseConfigurationReference = 00E3B7B90BF943DB3EE281D2 /* SampleCode.xcconfig */;
			buildSettings = {
				ALWAYS_SEARCH_USER_PATHS = NO;
				CLANG_ANALYZER_NONNULL = YES;
				CLANG_ANALYZER_NUMBER_OBJECT_CONVERSION = YES_AGGRESSIVE;
				CLANG_CXX_LANGUAGE_STANDARD = "gnu++14";
				CLANG_CXX_LIBRARY = "libc++";
				CLANG_ENABLE_MODULES = YES;
				CLANG_ENABLE_OBJC_ARC = YES;
				CLANG_ENABLE_OBJC_WEAK = YES;
				CLANG_WARN_BLOCK_CAPTURE_AUTORELEASING = YES;
				CLANG_WARN_BOOL_CONVERSION = YES;
				CLANG_WARN_COMMA = YES;
				CLANG_WARN_CONSTANT_CONVERSION = YES;
				CLANG_WARN_DEPRECATED_OBJC_IMPLEMENTATIONS = YES;
				CLANG_WARN_DIRECT_OBJC_ISA_USAGE = YES_ERROR;
				CLANG_WARN_DOCUMENTATION_COMMENTS = YES;
				CLANG_WARN_EMPTY_BODY = YES;
				CLANG_WARN_ENUM_CONVERSION = YES;
				CLANG_WARN_INFINITE_RECURSION = YES;
				CLANG_WARN_INT_CONVERSION = YES;
				CLANG_WARN_NON_LITERAL_NULL_CONVERSION = YES;
				CLANG_WARN_OBJC_IMPLICIT_RETAIN_SELF = YES;
				CLANG_WARN_OBJC_LITERAL_CONVERSION = YES;
				CLANG_WARN_OBJC_ROOT_CLASS = YES_ERROR;
				CLANG_WARN_QUOTED_INCLUDE_IN_FRAMEWORK_HEADER = YES;
				CLANG_WARN_RANGE_LOOP_ANALYSIS = YES;
				CLANG_WARN_STRICT_PROTOTYPES = YES;
				CLANG_WARN_SUSPICIOUS_MOVE = YES;
				CLANG_WARN_UNGUARDED_AVAILABILITY = YES_AGGRESSIVE;
				CLANG_WARN_UNREACHABLE_CODE = YES;
				CLANG_WARN__DUPLICATE_METHOD_MATCH = YES;
				CODE_SIGN_IDENTITY = "Mac Developer";
				COPY_PHASE_STRIP = NO;
				DEBUG_INFORMATION_FORMAT = dwarf;
				ENABLE_STRICT_OBJC_MSGSEND = YES;
				ENABLE_TESTABILITY = YES;
				GCC_C_LANGUAGE_STANDARD = gnu11;
				GCC_DYNAMIC_NO_PIC = NO;
				GCC_NO_COMMON_BLOCKS = YES;
				GCC_OPTIMIZATION_LEVEL = 0;
				GCC_PREPROCESSOR_DEFINITIONS = (
					"DEBUG=1",
					"$(inherited)",
				);
				GCC_WARN_64_TO_32_BIT_CONVERSION = YES;
				GCC_WARN_ABOUT_RETURN_TYPE = YES_ERROR;
				GCC_WARN_UNDECLARED_SELECTOR = YES;
				GCC_WARN_UNINITIALIZED_AUTOS = YES_AGGRESSIVE;
				GCC_WARN_UNUSED_FUNCTION = YES;
				GCC_WARN_UNUSED_VARIABLE = YES;
				IPHONEOS_DEPLOYMENT_TARGET = 15.2;
				MACOSX_DEPLOYMENT_TARGET = 12.2;
				MTL_ENABLE_DEBUG_INFO = INCLUDE_SOURCE;
				MTL_FAST_MATH = YES;
				ONLY_ACTIVE_ARCH = YES;
				SDKROOT = macosx;
			};
			name = Debug;
		};
		5FFAD4D621C8647E00384F46 /* Release */ = {
			isa = XCBuildConfiguration;
			baseConfigurationReference = 00E3B7B90BF943DB3EE281D2 /* SampleCode.xcconfig */;
			buildSettings = {
				ALWAYS_SEARCH_USER_PATHS = NO;
				CLANG_ANALYZER_NONNULL = YES;
				CLANG_ANALYZER_NUMBER_OBJECT_CONVERSION = YES_AGGRESSIVE;
				CLANG_CXX_LANGUAGE_STANDARD = "gnu++14";
				CLANG_CXX_LIBRARY = "libc++";
				CLANG_ENABLE_MODULES = YES;
				CLANG_ENABLE_OBJC_ARC = YES;
				CLANG_ENABLE_OBJC_WEAK = YES;
				CLANG_WARN_BLOCK_CAPTURE_AUTORELEASING = YES;
				CLANG_WARN_BOOL_CONVERSION = YES;
				CLANG_WARN_COMMA = YES;
				CLANG_WARN_CONSTANT_CONVERSION = YES;
				CLANG_WARN_DEPRECATED_OBJC_IMPLEMENTATIONS = YES;
				CLANG_WARN_DIRECT_OBJC_ISA_USAGE = YES_ERROR;
				CLANG_WARN_DOCUMENTATION_COMMENTS = YES;
				CLANG_WARN_EMPTY_BODY = YES;
				CLANG_WARN_ENUM_CONVERSION = YES;
				CLANG_WARN_INFINITE_RECURSION = YES;
				CLANG_WARN_INT_CONVERSION = YES;
				CLANG_WARN_NON_LITERAL_NULL_CONVERSION = YES;
				CLANG_WARN_OBJC_IMPLICIT_RETAIN_SELF = YES;
				CLANG_WARN_OBJC_LITERAL_CONVERSION = YES;
				CLANG_WARN_OBJC_ROOT_CLASS = YES_ERROR;
				CLANG_WARN_QUOTED_INCLUDE_IN_FRAMEWORK_HEADER = YES;
				CLANG_WARN_RANGE_LOOP_ANALYSIS = YES;
				CLANG_WARN_STRICT_PROTOTYPES = YES;
				CLANG_WARN_SUSPICIOUS_MOVE = YES;
				CLANG_WARN_UNGUARDED_AVAILABILITY = YES_AGGRESSIVE;
				CLANG_WARN_UNREACHABLE_CODE = YES;
				CLANG_WARN__DUPLICATE_METHOD_MATCH = YES;
				CODE_SIGN_IDENTITY = "Mac Developer";
				COPY_PHASE_STRIP = NO;
				DEBUG_INFORMATION_FORMAT = "dwarf-with-dsym";
				ENABLE_NS_ASSERTIONS = NO;
				ENABLE_STRICT_OBJC_MSGSEND = YES;
				GCC_C_LANGUAGE_STANDARD = gnu11;
				GCC_NO_COMMON_BLOCKS = YES;
				GCC_WARN_64_TO_32_BIT_CONVERSION = YES;
				GCC_WARN_ABOUT_RETURN_TYPE = YES_ERROR;
				GCC_WARN_UNDECLARED_SELECTOR = YES;
				GCC_WARN_UNINITIALIZED_AUTOS = YES_AGGRESSIVE;
				GCC_WARN_UNUSED_FUNCTION = YES;
				GCC_WARN_UNUSED_VARIABLE = YES;
				IPHONEOS_DEPLOYMENT_TARGET = 15.2;
				MACOSX_DEPLOYMENT_TARGET = 12.2;
				MTL_ENABLE_DEBUG_INFO = NO;
				MTL_FAST_MATH = YES;
				SDKROOT = macosx;
			};
			name = Release;
		};
		B9CFB1A9278DB8FA001B363F /* Debug */ = {
			isa = XCBuildConfiguration;
			buildSettings = {
				ASSETCATALOG_COMPILER_APPICON_NAME = AppIcon;
				ASSETCATALOG_COMPILER_GLOBAL_ACCENT_COLOR_NAME = AccentColor;
				CLANG_CXX_LANGUAGE_STANDARD = "gnu++17";
				CODE_SIGN_STYLE = Automatic;
				CURRENT_PROJECT_VERSION = 1;
				DEVELOPMENT_TEAM = N9987K9442;
				GENERATE_INFOPLIST_FILE = YES;
				INFOPLIST_FILE = GPUArcControlCalculationsPrototype/Info.plist;
				INFOPLIST_KEY_UIApplicationSupportsIndirectInputEvents = YES;
				INFOPLIST_KEY_UILaunchStoryboardName = LaunchScreen;
				INFOPLIST_KEY_UIMainStoryboardFile = Main;
				INFOPLIST_KEY_UIStatusBarHidden = YES;
				INFOPLIST_KEY_UISupportedInterfaceOrientations = UIInterfaceOrientationPortrait;
				INFOPLIST_KEY_UISupportedInterfaceOrientations_iPad = "UIInterfaceOrientationPortrait UIInterfaceOrientationPortraitUpsideDown UIInterfaceOrientationLandscapeLeft UIInterfaceOrientationLandscapeRight";
				INFOPLIST_KEY_UISupportedInterfaceOrientations_iPhone = "UIInterfaceOrientationPortrait UIInterfaceOrientationLandscapeLeft UIInterfaceOrientationLandscapeRight";
				LD_RUNPATH_SEARCH_PATHS = (
					"$(inherited)",
					"@executable_path/Frameworks",
				);
				MARKETING_VERSION = 1.0;
				PRODUCT_BUNDLE_IDENTIFIER = com.blogspot.demonicactivity.bush.alan.james.GPUArcControlCalculationsPrototype;
				PRODUCT_NAME = "$(TARGET_NAME)";
				SDKROOT = iphoneos;
				SWIFT_EMIT_LOC_STRINGS = YES;
				TARGETED_DEVICE_FAMILY = 1;
			};
			name = Debug;
		};
		B9CFB1AA278DB8FA001B363F /* Release */ = {
			isa = XCBuildConfiguration;
			buildSettings = {
				ASSETCATALOG_COMPILER_APPICON_NAME = AppIcon;
				ASSETCATALOG_COMPILER_GLOBAL_ACCENT_COLOR_NAME = AccentColor;
				CLANG_CXX_LANGUAGE_STANDARD = "gnu++17";
				CODE_SIGN_STYLE = Automatic;
				CURRENT_PROJECT_VERSION = 1;
				DEVELOPMENT_TEAM = N9987K9442;
				GENERATE_INFOPLIST_FILE = YES;
				INFOPLIST_FILE = GPUArcControlCalculationsPrototype/Info.plist;
				INFOPLIST_KEY_UIApplicationSupportsIndirectInputEvents = YES;
				INFOPLIST_KEY_UILaunchStoryboardName = LaunchScreen;
				INFOPLIST_KEY_UIMainStoryboardFile = Main;
				INFOPLIST_KEY_UIStatusBarHidden = YES;
				INFOPLIST_KEY_UISupportedInterfaceOrientations = UIInterfaceOrientationPortrait;
				INFOPLIST_KEY_UISupportedInterfaceOrientations_iPad = "UIInterfaceOrientationPortrait UIInterfaceOrientationPortraitUpsideDown UIInterfaceOrientationLandscapeLeft UIInterfaceOrientationLandscapeRight";
				INFOPLIST_KEY_UISupportedInterfaceOrientations_iPhone = "UIInterfaceOrientationPortrait UIInterfaceOrientationLandscapeLeft UIInterfaceOrientationLandscapeRight";
				LD_RUNPATH_SEARCH_PATHS = (
					"$(inherited)",
					"@executable_path/Frameworks",
				);
				MARKETING_VERSION = 1.0;
				PRODUCT_BUNDLE_IDENTIFIER = com.blogspot.demonicactivity.bush.alan.james.GPUArcControlCalculationsPrototype;
				PRODUCT_NAME = "$(TARGET_NAME)";
				SDKROOT = iphoneos;
				SWIFT_EMIT_LOC_STRINGS = YES;
				TARGETED_DEVICE_FAMILY = 1;
				VALIDATE_PRODUCT = YES;
			};
			name = Release;
		};
/* End XCBuildConfiguration section */

/* Begin XCConfigurationList section */
		5FFAD4CB21C8647E00384F46 /* Build configuration list for PBXProject "MetalComputeBasic" */ = {
			isa = XCConfigurationList;
			buildConfigurations = (
				5FFAD4D521C8647E00384F46 /* Debug */,
				5FFAD4D621C8647E00384F46 /* Release */,
			);
			defaultConfigurationIsVisible = 0;
			defaultConfigurationName = Release;
		};
		B9CFB1A8278DB8FA001B363F /* Build configuration list for PBXNativeTarget "GPUArcControlCalculationsPrototype" */ = {
			isa = XCConfigurationList;
			buildConfigurations = (
				B9CFB1A9278DB8FA001B363F /* Debug */,
				B9CFB1AA278DB8FA001B363F /* Release */,
			);
			defaultConfigurationIsVisible = 0;
			defaultConfigurationName = Release;
		};
/* End XCConfigurationList section */
	};
	rootObject = 5FFAD4C821C8647E00384F46 /* Project object */;
}
